Microsoft Visual Studio Solution File, Format Version 12.00
# Visual Studio Version 17
VisualStudioVersion = 17.5.2.0
MinimumVisualStudioVersion = 10.0.40219.1
Project("{FAE04EC0-301F-11D3-BF4B-00C04F79EFBC}") = "WtcConnect.Api", "WtcConnect.Api.csproj", "{45F0A075-2CDC-5DD7-6C1E-1B61FBCEDFE1}"
EndProject
Global
	GlobalSection(SolutionConfigurationPlatforms) = preSolution
		Debug|Any CPU = Debug|Any CPU
		Release|Any CPU = Release|Any CPU
	EndGlobalSection
	GlobalSection(ProjectConfigurationPlatforms) = postSolution
		{45F0A075-2CDC-5DD7-6C1E-1B61FBCEDFE1}.Debug|Any CPU.ActiveCfg = Debug|Any CPU
		{45F0A075-2CDC-5DD7-6C1E-1B61FBCEDFE1}.Debug|Any CPU.Build.0 = Debug|Any CPU
		{45F0A075-2CDC-5DD7-6C1E-1B61FBCEDFE1}.Release|Any CPU.ActiveCfg = Release|Any CPU
		{45F0A075-2CDC-5DD7-6C1E-1B61FBCEDFE1}.Release|Any CPU.Build.0 = Release|Any CPU
	EndGlobalSection
	GlobalSection(SolutionProperties) = preSolution
		HideSolutionNode = FALSE
	EndGlobalSection
	GlobalSection(ExtensibilityGlobals) = postSolution
		SolutionGuid = {B53D03EA-9656-48C0-A768-DBD8AE9FCA25}
	EndGlobalSection
EndGlobal
